// !$*UTF8*$!
{
	archiveVersion = 1;
	classes = {
	};
	objectVersion = 56;
	objects = {

/* Begin PBXBuildFile section */
		4530A0B32CAC5F4C00E9BE7D /* SCImagePickerController.swift in Sources */ = {isa = PBXBuildFile; fileRef = 4530A0B22CAC5F4C00E9BE7D /* SCImagePickerController.swift */; };
		4530A0B52CAC609F00E9BE7D /* SCAlbumsViewController.swift in Sources */ = {isa = PBXBuildFile; fileRef = 4530A0B42CAC609F00E9BE7D /* SCAlbumsViewController.swift */; };
		4530A0B72CAC64AF00E9BE7D /* SCAssetsViewController.swift in Sources */ = {isa = PBXBuildFile; fileRef = 4530A0B62CAC64AF00E9BE7D /* SCAssetsViewController.swift */; };
		4576EAAD2CAB4C4F004EF52C /* SCMediaPicker.framework in Frameworks */ = {isa = PBXBuildFile; fileRef = 4576EAA22CAB4C4F004EF52C /* SCMediaPicker.framework */; };
		4576EAB22CAB4C4F004EF52C /* SCMediaPickerTests.swift in Sources */ = {isa = PBXBuildFile; fileRef = 4576EAB12CAB4C4F004EF52C /* SCMediaPickerTests.swift */; };
		4576EAB32CAB4C4F004EF52C /* SCMediaPicker.h in Headers */ = {isa = PBXBuildFile; fileRef = 4576EAA52CAB4C4F004EF52C /* SCMediaPicker.h */; settings = {ATTRIBUTES = (Public, ); }; };
		4576EAC32CAB4CBD004EF52C /* AppDelegate.swift in Sources */ = {isa = PBXBuildFile; fileRef = 4576EAC22CAB4CBD004EF52C /* AppDelegate.swift */; };
		4576EAC52CAB4CBD004EF52C /* SceneDelegate.swift in Sources */ = {isa = PBXBuildFile; fileRef = 4576EAC42CAB4CBD004EF52C /* SceneDelegate.swift */; };
		4576EAC72CAB4CBD004EF52C /* ViewController.swift in Sources */ = {isa = PBXBuildFile; fileRef = 4576EAC62CAB4CBD004EF52C /* ViewController.swift */; };
		4576EACA2CAB4CBD004EF52C /* Base in Resources */ = {isa = PBXBuildFile; fileRef = 4576EAC92CAB4CBD004EF52C /* Base */; };
		4576EACC2CAB4CBF004EF52C /* Assets.xcassets in Resources */ = {isa = PBXBuildFile; fileRef = 4576EACB2CAB4CBF004EF52C /* Assets.xcassets */; };
		4576EACF2CAB4CBF004EF52C /* Base in Resources */ = {isa = PBXBuildFile; fileRef = 4576EACE2CAB4CBF004EF52C /* Base */; };
		4576EAE22CAB4E45004EF52C /* SCMediaPicker.storyboard in Resources */ = {isa = PBXBuildFile; fileRef = 4576EAD42CAB4E45004EF52C /* SCMediaPicker.storyboard */; };
		4576EAEB2CAB572A004EF52C /* SCMediaPickerStrings.strings in Resources */ = {isa = PBXBuildFile; fileRef = 4576EAE92CAB572A004EF52C /* SCMediaPickerStrings.strings */; };
		4576EAF42CAB5882004EF52C /* SCAlbumCell.swift in Sources */ = {isa = PBXBuildFile; fileRef = 4576EAF32CAB5882004EF52C /* SCAlbumCell.swift */; };
		4576EAF62CAB58CE004EF52C /* SCAssetCell.swift in Sources */ = {isa = PBXBuildFile; fileRef = 4576EAF52CAB58CE004EF52C /* SCAssetCell.swift */; };
		4576EAF82CAB5928004EF52C /* SCCheckmarkView.swift in Sources */ = {isa = PBXBuildFile; fileRef = 4576EAF72CAB5928004EF52C /* SCCheckmarkView.swift */; };
		4576EAFA2CAB593A004EF52C /* SCVideoIconView.swift in Sources */ = {isa = PBXBuildFile; fileRef = 4576EAF92CAB593A004EF52C /* SCVideoIconView.swift */; };
		4576EAFC2CAB59A7004EF52C /* SCSlomoIconView.swift in Sources */ = {isa = PBXBuildFile; fileRef = 4576EAFB2CAB59A7004EF52C /* SCSlomoIconView.swift */; };
		4576EAFE2CAB59D0004EF52C /* SCVideoIndicatorView.swift in Sources */ = {isa = PBXBuildFile; fileRef = 4576EAFD2CAB59D0004EF52C /* SCVideoIndicatorView.swift */; };
/* End PBXBuildFile section */

/* Begin PBXContainerItemProxy section */
		4576EAAE2CAB4C4F004EF52C /* PBXContainerItemProxy */ = {
			isa = PBXContainerItemProxy;
			containerPortal = 4576EA992CAB4C4F004EF52C /* Project object */;
			proxyType = 1;
			remoteGlobalIDString = 4576EAA12CAB4C4F004EF52C;
			remoteInfo = SCMediaPicker;
		};
/* End PBXContainerItemProxy section */

/* Begin PBXFileReference section */
		4530A0B22CAC5F4C00E9BE7D /* SCImagePickerController.swift */ = {isa = PBXFileReference; lastKnownFileType = sourcecode.swift; path = SCImagePickerController.swift; sourceTree = "<group>"; };
		4530A0B42CAC609F00E9BE7D /* SCAlbumsViewController.swift */ = {isa = PBXFileReference; lastKnownFileType = sourcecode.swift; path = SCAlbumsViewController.swift; sourceTree = "<group>"; };
		4530A0B62CAC64AF00E9BE7D /* SCAssetsViewController.swift */ = {isa = PBXFileReference; lastKnownFileType = sourcecode.swift; path = SCAssetsViewController.swift; sourceTree = "<group>"; };
		4576EAA22CAB4C4F004EF52C /* SCMediaPicker.framework */ = {isa = PBXFileReference; explicitFileType = wrapper.framework; includeInIndex = 0; path = SCMediaPicker.framework; sourceTree = BUILT_PRODUCTS_DIR; };
		4576EAA52CAB4C4F004EF52C /* SCMediaPicker.h */ = {isa = PBXFileReference; lastKnownFileType = sourcecode.c.h; path = SCMediaPicker.h; sourceTree = "<group>"; };
		4576EAAC2CAB4C4F004EF52C /* SCMediaPickerTests.xctest */ = {isa = PBXFileReference; explicitFileType = wrapper.cfbundle; includeInIndex = 0; path = SCMediaPickerTests.xctest; sourceTree = BUILT_PRODUCTS_DIR; };
		4576EAB12CAB4C4F004EF52C /* SCMediaPickerTests.swift */ = {isa = PBXFileReference; lastKnownFileType = sourcecode.swift; path = SCMediaPickerTests.swift; sourceTree = "<group>"; };
		4576EAC02CAB4CBD004EF52C /* SCMediaPicker-Demo.app */ = {isa = PBXFileReference; explicitFileType = wrapper.application; includeInIndex = 0; path = "SCMediaPicker-Demo.app"; sourceTree = BUILT_PRODUCTS_DIR; };
		4576EAC22CAB4CBD004EF52C /* AppDelegate.swift */ = {isa = PBXFileReference; lastKnownFileType = sourcecode.swift; path = AppDelegate.swift; sourceTree = "<group>"; };
		4576EAC42CAB4CBD004EF52C /* SceneDelegate.swift */ = {isa = PBXFileReference; lastKnownFileType = sourcecode.swift; path = SceneDelegate.swift; sourceTree = "<group>"; };
		4576EAC62CAB4CBD004EF52C /* ViewController.swift */ = {isa = PBXFileReference; lastKnownFileType = sourcecode.swift; path = ViewController.swift; sourceTree = "<group>"; };
		4576EAC92CAB4CBD004EF52C /* Base */ = {isa = PBXFileReference; lastKnownFileType = file.storyboard; name = Base; path = Base.lproj/Main.storyboard; sourceTree = "<group>"; };
		4576EACB2CAB4CBF004EF52C /* Assets.xcassets */ = {isa = PBXFileReference; lastKnownFileType = folder.assetcatalog; path = Assets.xcassets; sourceTree = "<group>"; };
		4576EACE2CAB4CBF004EF52C /* Base */ = {isa = PBXFileReference; lastKnownFileType = file.storyboard; name = Base; path = Base.lproj/LaunchScreen.storyboard; sourceTree = "<group>"; };
		4576EAD02CAB4CBF004EF52C /* Info.plist */ = {isa = PBXFileReference; lastKnownFileType = text.plist.xml; path = Info.plist; sourceTree = "<group>"; };
		4576EAD42CAB4E45004EF52C /* SCMediaPicker.storyboard */ = {isa = PBXFileReference; fileEncoding = 4; lastKnownFileType = file.storyboard; path = SCMediaPicker.storyboard; sourceTree = "<group>"; };
		4576EAEA2CAB572A004EF52C /* en */ = {isa = PBXFileReference; lastKnownFileType = text.plist.strings; name = en; path = en.lproj/SCMediaPickerStrings.strings; sourceTree = "<group>"; };
		4576EAEC2CAB573C004EF52C /* zh-Hans */ = {isa = PBXFileReference; lastKnownFileType = text.plist.strings; name = "zh-Hans"; path = "zh-Hans.lproj/SCMediaPickerStrings.strings"; sourceTree = "<group>"; };
		4576EAED2CAB5745004EF52C /* de */ = {isa = PBXFileReference; lastKnownFileType = text.plist.strings; name = de; path = de.lproj/SCMediaPickerStrings.strings; sourceTree = "<group>"; };
		4576EAEE2CAB5745004EF52C /* ja */ = {isa = PBXFileReference; lastKnownFileType = text.plist.strings; name = ja; path = ja.lproj/SCMediaPickerStrings.strings; sourceTree = "<group>"; };
		4576EAEF2CAB5746004EF52C /* pl */ = {isa = PBXFileReference; lastKnownFileType = text.plist.strings; name = pl; path = pl.lproj/SCMediaPickerStrings.strings; sourceTree = "<group>"; };
		4576EAF02CAB5747004EF52C /* es */ = {isa = PBXFileReference; lastKnownFileType = text.plist.strings; name = es; path = es.lproj/SCMediaPickerStrings.strings; sourceTree = "<group>"; };
		4576EAF32CAB5882004EF52C /* SCAlbumCell.swift */ = {isa = PBXFileReference; lastKnownFileType = sourcecode.swift; path = SCAlbumCell.swift; sourceTree = "<group>"; };
		4576EAF52CAB58CE004EF52C /* SCAssetCell.swift */ = {isa = PBXFileReference; lastKnownFileType = sourcecode.swift; path = SCAssetCell.swift; sourceTree = "<group>"; };
		4576EAF72CAB5928004EF52C /* SCCheckmarkView.swift */ = {isa = PBXFileReference; lastKnownFileType = sourcecode.swift; path = SCCheckmarkView.swift; sourceTree = "<group>"; };
		4576EAF92CAB593A004EF52C /* SCVideoIconView.swift */ = {isa = PBXFileReference; lastKnownFileType = sourcecode.swift; path = SCVideoIconView.swift; sourceTree = "<group>"; };
		4576EAFB2CAB59A7004EF52C /* SCSlomoIconView.swift */ = {isa = PBXFileReference; lastKnownFileType = sourcecode.swift; path = SCSlomoIconView.swift; sourceTree = "<group>"; };
		4576EAFD2CAB59D0004EF52C /* SCVideoIndicatorView.swift */ = {isa = PBXFileReference; lastKnownFileType = sourcecode.swift; path = SCVideoIndicatorView.swift; sourceTree = "<group>"; };
/* End PBXFileReference section */

/* Begin PBXFrameworksBuildPhase section */
		4576EA9F2CAB4C4F004EF52C /* Frameworks */ = {
			isa = PBXFrameworksBuildPhase;
			buildActionMask = 2147483647;
			files = (
			);
			runOnlyForDeploymentPostprocessing = 0;
		};
		4576EAA92CAB4C4F004EF52C /* Frameworks */ = {
			isa = PBXFrameworksBuildPhase;
			buildActionMask = 2147483647;
			files = (
				4576EAAD2CAB4C4F004EF52C /* SCMediaPicker.framework in Frameworks */,
			);
			runOnlyForDeploymentPostprocessing = 0;
		};
		4576EABD2CAB4CBD004EF52C /* Frameworks */ = {
			isa = PBXFrameworksBuildPhase;
			buildActionMask = 2147483647;
			files = (
			);
			runOnlyForDeploymentPostprocessing = 0;
		};
/* End PBXFrameworksBuildPhase section */

/* Begin PBXGroup section */
		4576EA982CAB4C4F004EF52C = {
			isa = PBXGroup;
			children = (
				4576EAA42CAB4C4F004EF52C /* SCMediaPicker */,
				4576EAB02CAB4C4F004EF52C /* SCMediaPickerTests */,
				4576EAC12CAB4CBD004EF52C /* SCMediaPicker-Demo */,
				4576EAA32CAB4C4F004EF52C /* Products */,
			);
			sourceTree = "<group>";
		};
		4576EAA32CAB4C4F004EF52C /* Products */ = {
			isa = PBXGroup;
			children = (
				4576EAA22CAB4C4F004EF52C /* SCMediaPicker.framework */,
				4576EAAC2CAB4C4F004EF52C /* SCMediaPickerTests.xctest */,
				4576EAC02CAB4CBD004EF52C /* SCMediaPicker-Demo.app */,
			);
			name = Products;
			sourceTree = "<group>";
		};
		4576EAA42CAB4C4F004EF52C /* SCMediaPicker */ = {
			isa = PBXGroup;
			children = (
				4576EAA52CAB4C4F004EF52C /* SCMediaPicker.h */,
				4576EAF22CAB5853004EF52C /* Controllers */,
				4576EAF12CAB584D004EF52C /* Views */,
				4576EAE12CAB4E45004EF52C /* Resources */,
			);
			path = SCMediaPicker;
			sourceTree = "<group>";
		};
		4576EAB02CAB4C4F004EF52C /* SCMediaPickerTests */ = {
			isa = PBXGroup;
			children = (
				4576EAB12CAB4C4F004EF52C /* SCMediaPickerTests.swift */,
			);
			path = SCMediaPickerTests;
			sourceTree = "<group>";
		};
		4576EAC12CAB4CBD004EF52C /* SCMediaPicker-Demo */ = {
			isa = PBXGroup;
			children = (
				4576EAC22CAB4CBD004EF52C /* AppDelegate.swift */,
				4576EAC42CAB4CBD004EF52C /* SceneDelegate.swift */,
				4576EAC62CAB4CBD004EF52C /* ViewController.swift */,
				4576EAC82CAB4CBD004EF52C /* Main.storyboard */,
				4576EACB2CAB4CBF004EF52C /* Assets.xcassets */,
				4576EACD2CAB4CBF004EF52C /* LaunchScreen.storyboard */,
				4576EAD02CAB4CBF004EF52C /* Info.plist */,
			);
			path = "SCMediaPicker-Demo";
			sourceTree = "<group>";
		};
		4576EAE12CAB4E45004EF52C /* Resources */ = {
			isa = PBXGroup;
			children = (
				4576EAD42CAB4E45004EF52C /* SCMediaPicker.storyboard */,
				4576EAE92CAB572A004EF52C /* SCMediaPickerStrings.strings */,
			);
			path = Resources;
			sourceTree = "<group>";
		};
		4576EAF12CAB584D004EF52C /* Views */ = {
			isa = PBXGroup;
			children = (
				4576EAF32CAB5882004EF52C /* SCAlbumCell.swift */,
				4576EAF52CAB58CE004EF52C /* SCAssetCell.swift */,
				4576EAF72CAB5928004EF52C /* SCCheckmarkView.swift */,
				4576EAF92CAB593A004EF52C /* SCVideoIconView.swift */,
				4576EAFB2CAB59A7004EF52C /* SCSlomoIconView.swift */,
				4576EAFD2CAB59D0004EF52C /* SCVideoIndicatorView.swift */,
			);
			path = Views;
			sourceTree = "<group>";
		};
		4576EAF22CAB5853004EF52C /* Controllers */ = {
			isa = PBXGroup;
			children = (
				4530A0B22CAC5F4C00E9BE7D /* SCImagePickerController.swift */,
				4530A0B42CAC609F00E9BE7D /* SCAlbumsViewController.swift */,
				4530A0B62CAC64AF00E9BE7D /* SCAssetsViewController.swift */,
			);
			path = Controllers;
			sourceTree = "<group>";
		};
/* End PBXGroup section */

/* Begin PBXHeadersBuildPhase section */
		4576EA9D2CAB4C4F004EF52C /* Headers */ = {
			isa = PBXHeadersBuildPhase;
			buildActionMask = 2147483647;
			files = (
				4576EAB32CAB4C4F004EF52C /* SCMediaPicker.h in Headers */,
			);
			runOnlyForDeploymentPostprocessing = 0;
		};
/* End PBXHeadersBuildPhase section */

/* Begin PBXNativeTarget section */
		4576EAA12CAB4C4F004EF52C /* SCMediaPicker */ = {
			isa = PBXNativeTarget;
			buildConfigurationList = 4576EAB62CAB4C4F004EF52C /* Build configuration list for PBXNativeTarget "SCMediaPicker" */;
			buildPhases = (
				4576EA9D2CAB4C4F004EF52C /* Headers */,
				4576EA9E2CAB4C4F004EF52C /* Sources */,
				4576EA9F2CAB4C4F004EF52C /* Frameworks */,
				4576EAA02CAB4C4F004EF52C /* Resources */,
			);
			buildRules = (
			);
			dependencies = (
			);
			name = SCMediaPicker;
			productName = SCMediaPicker;
			productReference = 4576EAA22CAB4C4F004EF52C /* SCMediaPicker.framework */;
			productType = "com.apple.product-type.framework";
		};
		4576EAAB2CAB4C4F004EF52C /* SCMediaPickerTests */ = {
			isa = PBXNativeTarget;
			buildConfigurationList = 4576EAB92CAB4C4F004EF52C /* Build configuration list for PBXNativeTarget "SCMediaPickerTests" */;
			buildPhases = (
				4576EAA82CAB4C4F004EF52C /* Sources */,
				4576EAA92CAB4C4F004EF52C /* Frameworks */,
				4576EAAA2CAB4C4F004EF52C /* Resources */,
			);
			buildRules = (
			);
			dependencies = (
				4576EAAF2CAB4C4F004EF52C /* PBXTargetDependency */,
			);
			name = SCMediaPickerTests;
			productName = SCMediaPickerTests;
			productReference = 4576EAAC2CAB4C4F004EF52C /* SCMediaPickerTests.xctest */;
			productType = "com.apple.product-type.bundle.unit-test";
		};
		4576EABF2CAB4CBD004EF52C /* SCMediaPicker-Demo */ = {
			isa = PBXNativeTarget;
			buildConfigurationList = 4576EAD32CAB4CBF004EF52C /* Build configuration list for PBXNativeTarget "SCMediaPicker-Demo" */;
			buildPhases = (
				4576EABC2CAB4CBD004EF52C /* Sources */,
				4576EABD2CAB4CBD004EF52C /* Frameworks */,
				4576EABE2CAB4CBD004EF52C /* Resources */,
			);
			buildRules = (
			);
			dependencies = (
			);
			name = "SCMediaPicker-Demo";
			productName = "SCMediaPicker-Demo";
			productReference = 4576EAC02CAB4CBD004EF52C /* SCMediaPicker-Demo.app */;
			productType = "com.apple.product-type.application";
		};
/* End PBXNativeTarget section */

/* Begin PBXProject section */
		4576EA992CAB4C4F004EF52C /* Project object */ = {
			isa = PBXProject;
			attributes = {
				BuildIndependentTargetsInParallel = 1;
				LastSwiftUpdateCheck = 1540;
				LastUpgradeCheck = 1540;
				TargetAttributes = {
					4576EAA12CAB4C4F004EF52C = {
						CreatedOnToolsVersion = 15.4;
						LastSwiftMigration = 1540;
					};
					4576EAAB2CAB4C4F004EF52C = {
						CreatedOnToolsVersion = 15.4;
					};
					4576EABF2CAB4CBD004EF52C = {
						CreatedOnToolsVersion = 15.4;
					};
				};
			};
			buildConfigurationList = 4576EA9C2CAB4C4F004EF52C /* Build configuration list for PBXProject "SCMediaPicker" */;
			compatibilityVersion = "Xcode 14.0";
			developmentRegion = en;
			hasScannedForEncodings = 0;
			knownRegions = (
				en,
				Base,
				de,
				"zh-Hans",
				ja,
				es,
				pl,
			);
			mainGroup = 4576EA982CAB4C4F004EF52C;
			productRefGroup = 4576EAA32CAB4C4F004EF52C /* Products */;
			projectDirPath = "";
			projectRoot = "";
			targets = (
				4576EAA12CAB4C4F004EF52C /* SCMediaPicker */,
				4576EAAB2CAB4C4F004EF52C /* SCMediaPickerTests */,
				4576EABF2CAB4CBD004EF52C /* SCMediaPicker-Demo */,
			);
		};
/* End PBXProject section */

/* Begin PBXResourcesBuildPhase section */
		4576EAA02CAB4C4F004EF52C /* Resources */ = {
			isa = PBXResourcesBuildPhase;
			buildActionMask = 2147483647;
			files = (
				4576EAE22CAB4E45004EF52C /* SCMediaPicker.storyboard in Resources */,
				4576EAEB2CAB572A004EF52C /* SCMediaPickerStrings.strings in Resources */,
			);
			runOnlyForDeploymentPostprocessing = 0;
		};
		4576EAAA2CAB4C4F004EF52C /* Resources */ = {
			isa = PBXResourcesBuildPhase;
			buildActionMask = 2147483647;
			files = (
			);
			runOnlyForDeploymentPostprocessing = 0;
		};
		4576EABE2CAB4CBD004EF52C /* Resources */ = {
			isa = PBXResourcesBuildPhase;
			buildActionMask = 2147483647;
			files = (
				4576EACC2CAB4CBF004EF52C /* Assets.xcassets in Resources */,
				4576EACF2CAB4CBF004EF52C /* Base in Resources */,
				4576EACA2CAB4CBD004EF52C /* Base in Resources */,
			);
			runOnlyForDeploymentPostprocessing = 0;
		};
/* End PBXResourcesBuildPhase section */

/* Begin PBXSourcesBuildPhase section */
		4576EA9E2CAB4C4F004EF52C /* Sources */ = {
			isa = PBXSourcesBuildPhase;
			buildActionMask = 2147483647;
			files = (
				4530A0B52CAC609F00E9BE7D /* SCAlbumsViewController.swift in Sources */,
				4530A0B72CAC64AF00E9BE7D /* SCAssetsViewController.swift in Sources */,
				4576EAFE2CAB59D0004EF52C /* SCVideoIndicatorView.swift in Sources */,
				4530A0B32CAC5F4C00E9BE7D /* SCImagePickerController.swift in Sources */,
				4576EAFC2CAB59A7004EF52C /* SCSlomoIconView.swift in Sources */,
				4576EAF62CAB58CE004EF52C /* SCAssetCell.swift in Sources */,
				4576EAFA2CAB593A004EF52C /* SCVideoIconView.swift in Sources */,
				4576EAF42CAB5882004EF52C /* SCAlbumCell.swift in Sources */,
				4576EAF82CAB5928004EF52C /* SCCheckmarkView.swift in Sources */,
			);
			runOnlyForDeploymentPostprocessing = 0;
		};
		4576EAA82CAB4C4F004EF52C /* Sources */ = {
			isa = PBXSourcesBuildPhase;
			buildActionMask = 2147483647;
			files = (
				4576EAB22CAB4C4F004EF52C /* SCMediaPickerTests.swift in Sources */,
			);
			runOnlyForDeploymentPostprocessing = 0;
		};
		4576EABC2CAB4CBD004EF52C /* Sources */ = {
			isa = PBXSourcesBuildPhase;
			buildActionMask = 2147483647;
			files = (
				4576EAC72CAB4CBD004EF52C /* ViewController.swift in Sources */,
				4576EAC32CAB4CBD004EF52C /* AppDelegate.swift in Sources */,
				4576EAC52CAB4CBD004EF52C /* SceneDelegate.swift in Sources */,
			);
			runOnlyForDeploymentPostprocessing = 0;
		};
/* End PBXSourcesBuildPhase section */

/* Begin PBXTargetDependency section */
		4576EAAF2CAB4C4F004EF52C /* PBXTargetDependency */ = {
			isa = PBXTargetDependency;
			target = 4576EAA12CAB4C4F004EF52C /* SCMediaPicker */;
			targetProxy = 4576EAAE2CAB4C4F004EF52C /* PBXContainerItemProxy */;
		};
/* End PBXTargetDependency section */

/* Begin PBXVariantGroup section */
		4576EAC82CAB4CBD004EF52C /* Main.storyboard */ = {
			isa = PBXVariantGroup;
			children = (
				4576EAC92CAB4CBD004EF52C /* Base */,
			);
			name = Main.storyboard;
			sourceTree = "<group>";
		};
		4576EACD2CAB4CBF004EF52C /* LaunchScreen.storyboard */ = {
			isa = PBXVariantGroup;
			children = (
				4576EACE2CAB4CBF004EF52C /* Base */,
			);
			name = LaunchScreen.storyboard;
			sourceTree = "<group>";
		};
		4576EAE92CAB572A004EF52C /* SCMediaPickerStrings.strings */ = {
			isa = PBXVariantGroup;
			children = (
				4576EAEA2CAB572A004EF52C /* en */,
				4576EAEC2CAB573C004EF52C /* zh-Hans */,
				4576EAED2CAB5745004EF52C /* de */,
				4576EAEE2CAB5745004EF52C /* ja */,
				4576EAEF2CAB5746004EF52C /* pl */,
				4576EAF02CAB5747004EF52C /* es */,
			);
			name = SCMediaPickerStrings.strings;
			sourceTree = "<group>";
		};
/* End PBXVariantGroup section */

/* Begin XCBuildConfiguration section */
		4576EAB42CAB4C4F004EF52C /* Debug */ = {
			isa = XCBuildConfiguration;
			buildSettings = {
				ALWAYS_SEARCH_USER_PATHS = NO;
				ASSETCATALOG_COMPILER_GENERATE_SWIFT_ASSET_SYMBOL_EXTENSIONS = YES;
				CLANG_ANALYZER_NONNULL = YES;
				CLANG_ANALYZER_NUMBER_OBJECT_CONVERSION = YES_AGGRESSIVE;
				CLANG_CXX_LANGUAGE_STANDARD = "gnu++20";
				CLANG_ENABLE_MODULES = YES;
				CLANG_ENABLE_OBJC_ARC = YES;
				CLANG_ENABLE_OBJC_WEAK = YES;
				CLANG_WARN_BLOCK_CAPTURE_AUTORELEASING = YES;
				CLANG_WARN_BOOL_CONVERSION = YES;
				CLANG_WARN_COMMA = YES;
				CLANG_WARN_CONSTANT_CONVERSION = YES;
				CLANG_WARN_DEPRECATED_OBJC_IMPLEMENTATIONS = YES;
				CLANG_WARN_DIRECT_OBJC_ISA_USAGE = YES_ERROR;
				CLANG_WARN_DOCUMENTATION_COMMENTS = YES;
				CLANG_WARN_EMPTY_BODY = YES;
				CLANG_WARN_ENUM_CONVERSION = YES;
				CLANG_WARN_INFINITE_RECURSION = YES;
				CLANG_WARN_INT_CONVERSION = YES;
				CLANG_WARN_NON_LITERAL_NULL_CONVERSION = YES;
				CLANG_WARN_OBJC_IMPLICIT_RETAIN_SELF = YES;
				CLANG_WARN_OBJC_LITERAL_CONVERSION = YES;
				CLANG_WARN_OBJC_ROOT_CLASS = YES_ERROR;
				CLANG_WARN_QUOTED_INCLUDE_IN_FRAMEWORK_HEADER = YES;
				CLANG_WARN_RANGE_LOOP_ANALYSIS = YES;
				CLANG_WARN_STRICT_PROTOTYPES = YES;
				CLANG_WARN_SUSPICIOUS_MOVE = YES;
				CLANG_WARN_UNGUARDED_AVAILABILITY = YES_AGGRESSIVE;
				CLANG_WARN_UNREACHABLE_CODE = YES;
				CLANG_WARN__DUPLICATE_METHOD_MATCH = YES;
				COPY_PHASE_STRIP = NO;
				CURRENT_PROJECT_VERSION = 1;
				DEBUG_INFORMATION_FORMAT = dwarf;
				ENABLE_STRICT_OBJC_MSGSEND = YES;
				ENABLE_TESTABILITY = YES;
				ENABLE_USER_SCRIPT_SANDBOXING = YES;
				GCC_C_LANGUAGE_STANDARD = gnu17;
				GCC_DYNAMIC_NO_PIC = NO;
				GCC_NO_COMMON_BLOCKS = YES;
				GCC_OPTIMIZATION_LEVEL = 0;
				GCC_PREPROCESSOR_DEFINITIONS = (
					"DEBUG=1",
					"$(inherited)",
				);
				GCC_WARN_64_TO_32_BIT_CONVERSION = YES;
				GCC_WARN_ABOUT_RETURN_TYPE = YES_ERROR;
				GCC_WARN_UNDECLARED_SELECTOR = YES;
				GCC_WARN_UNINITIALIZED_AUTOS = YES_AGGRESSIVE;
				GCC_WARN_UNUSED_FUNCTION = YES;
				GCC_WARN_UNUSED_VARIABLE = YES;
				IPHONEOS_DEPLOYMENT_TARGET = 17.0;
				LOCALIZATION_PREFERS_STRING_CATALOGS = YES;
				MTL_ENABLE_DEBUG_INFO = INCLUDE_SOURCE;
				MTL_FAST_MATH = YES;
				ONLY_ACTIVE_ARCH = YES;
				SDKROOT = iphoneos;
				SWIFT_ACTIVE_COMPILATION_CONDITIONS = "DEBUG $(inherited)";
				SWIFT_OPTIMIZATION_LEVEL = "-Onone";
				VERSIONING_SYSTEM = "apple-generic";
				VERSION_INFO_PREFIX = "";
			};
			name = Debug;
		};
		4576EAB52CAB4C4F004EF52C /* Release */ = {
			isa = XCBuildConfiguration;
			buildSettings = {
				ALWAYS_SEARCH_USER_PATHS = NO;
				ASSETCATALOG_COMPILER_GENERATE_SWIFT_ASSET_SYMBOL_EXTENSIONS = YES;
				CLANG_ANALYZER_NONNULL = YES;
				CLANG_ANALYZER_NUMBER_OBJECT_CONVERSION = YES_AGGRESSIVE;
				CLANG_CXX_LANGUAGE_STANDARD = "gnu++20";
				CLANG_ENABLE_MODULES = YES;
				CLANG_ENABLE_OBJC_ARC = YES;
				CLANG_ENABLE_OBJC_WEAK = YES;
				CLANG_WARN_BLOCK_CAPTURE_AUTORELEASING = YES;
				CLANG_WARN_BOOL_CONVERSION = YES;
				CLANG_WARN_COMMA = YES;
				CLANG_WARN_CONSTANT_CONVERSION = YES;
				CLANG_WARN_DEPRECATED_OBJC_IMPLEMENTATIONS = YES;
				CLANG_WARN_DIRECT_OBJC_ISA_USAGE = YES_ERROR;
				CLANG_WARN_DOCUMENTATION_COMMENTS = YES;
				CLANG_WARN_EMPTY_BODY = YES;
				CLANG_WARN_ENUM_CONVERSION = YES;
				CLANG_WARN_INFINITE_RECURSION = YES;
				CLANG_WARN_INT_CONVERSION = YES;
				CLANG_WARN_NON_LITERAL_NULL_CONVERSION = YES;
				CLANG_WARN_OBJC_IMPLICIT_RETAIN_SELF = YES;
				CLANG_WARN_OBJC_LITERAL_CONVERSION = YES;
				CLANG_WARN_OBJC_ROOT_CLASS = YES_ERROR;
				CLANG_WARN_QUOTED_INCLUDE_IN_FRAMEWORK_HEADER = YES;
				CLANG_WARN_RANGE_LOOP_ANALYSIS = YES;
				CLANG_WARN_STRICT_PROTOTYPES = YES;
				CLANG_WARN_SUSPICIOUS_MOVE = YES;
				CLANG_WARN_UNGUARDED_AVAILABILITY = YES_AGGRESSIVE;
				CLANG_WARN_UNREACHABLE_CODE = YES;
				CLANG_WARN__DUPLICATE_METHOD_MATCH = YES;
				COPY_PHASE_STRIP = NO;
				CURRENT_PROJECT_VERSION = 1;
				DEBUG_INFORMATION_FORMAT = "dwarf-with-dsym";
				ENABLE_NS_ASSERTIONS = NO;
				ENABLE_STRICT_OBJC_MSGSEND = YES;
				ENABLE_USER_SCRIPT_SANDBOXING = YES;
				GCC_C_LANGUAGE_STANDARD = gnu17;
				GCC_NO_COMMON_BLOCKS = YES;
				GCC_WARN_64_TO_32_BIT_CONVERSION = YES;
				GCC_WARN_ABOUT_RETURN_TYPE = YES_ERROR;
				GCC_WARN_UNDECLARED_SELECTOR = YES;
				GCC_WARN_UNINITIALIZED_AUTOS = YES_AGGRESSIVE;
				GCC_WARN_UNUSED_FUNCTION = YES;
				GCC_WARN_UNUSED_VARIABLE = YES;
				IPHONEOS_DEPLOYMENT_TARGET = 17.0;
				LOCALIZATION_PREFERS_STRING_CATALOGS = YES;
				MTL_ENABLE_DEBUG_INFO = NO;
				MTL_FAST_MATH = YES;
				SDKROOT = iphoneos;
				SWIFT_COMPILATION_MODE = wholemodule;
				VALIDATE_PRODUCT = YES;
				VERSIONING_SYSTEM = "apple-generic";
				VERSION_INFO_PREFIX = "";
			};
			name = Release;
		};
		4576EAB72CAB4C4F004EF52C /* Debug */ = {
			isa = XCBuildConfiguration;
			buildSettings = {
				BUILD_LIBRARY_FOR_DISTRIBUTION = YES;
				CLANG_ENABLE_MODULES = YES;
				CODE_SIGN_STYLE = Automatic;
				CURRENT_PROJECT_VERSION = 1;
				DEFINES_MODULE = YES;
				DEVELOPMENT_TEAM = 76KA23L295;
				DYLIB_COMPATIBILITY_VERSION = 1;
				DYLIB_CURRENT_VERSION = 1;
				DYLIB_INSTALL_NAME_BASE = "@rpath";
				ENABLE_MODULE_VERIFIER = YES;
				GENERATE_INFOPLIST_FILE = YES;
				INFOPLIST_KEY_NSHumanReadableCopyright = "";
				INSTALL_PATH = "$(LOCAL_LIBRARY_DIR)/Frameworks";
				IPHONEOS_DEPLOYMENT_TARGET = 17.0;
				LD_RUNPATH_SEARCH_PATHS = (
					"$(inherited)",
					"@executable_path/Frameworks",
					"@loader_path/Frameworks",
				);
				MARKETING_VERSION = 1.0;
				MODULE_VERIFIER_SUPPORTED_LANGUAGES = "objective-c objective-c++";
				MODULE_VERIFIER_SUPPORTED_LANGUAGE_STANDARDS = "gnu17 gnu++20";
				PRODUCT_BUNDLE_IDENTIFIER = com.sitecapture.lib.SCMediaPicker;
				PRODUCT_NAME = "$(TARGET_NAME:c99extidentifier)";
				SKIP_INSTALL = YES;
				SWIFT_EMIT_LOC_STRINGS = YES;
				SWIFT_INSTALL_OBJC_HEADER = NO;
				SWIFT_OPTIMIZATION_LEVEL = "-Onone";
				SWIFT_VERSION = 5.0;
				TARGETED_DEVICE_FAMILY = "1,2";
			};
			name = Debug;
		};
		4576EAB82CAB4C4F004EF52C /* Release */ = {
			isa = XCBuildConfiguration;
			buildSettings = {
				BUILD_LIBRARY_FOR_DISTRIBUTION = YES;
				CLANG_ENABLE_MODULES = YES;
				CODE_SIGN_STYLE = Automatic;
				CURRENT_PROJECT_VERSION = 1;
				DEFINES_MODULE = YES;
				DEVELOPMENT_TEAM = 76KA23L295;
				DYLIB_COMPATIBILITY_VERSION = 1;
				DYLIB_CURRENT_VERSION = 1;
				DYLIB_INSTALL_NAME_BASE = "@rpath";
				ENABLE_MODULE_VERIFIER = YES;
				GENERATE_INFOPLIST_FILE = YES;
				INFOPLIST_KEY_NSHumanReadableCopyright = "";
				INSTALL_PATH = "$(LOCAL_LIBRARY_DIR)/Frameworks";
				IPHONEOS_DEPLOYMENT_TARGET = 17.0;
				LD_RUNPATH_SEARCH_PATHS = (
					"$(inherited)",
					"@executable_path/Frameworks",
					"@loader_path/Frameworks",
				);
				MARKETING_VERSION = 1.0;
				MODULE_VERIFIER_SUPPORTED_LANGUAGES = "objective-c objective-c++";
				MODULE_VERIFIER_SUPPORTED_LANGUAGE_STANDARDS = "gnu17 gnu++20";
				PRODUCT_BUNDLE_IDENTIFIER = com.sitecapture.lib.SCMediaPicker;
				PRODUCT_NAME = "$(TARGET_NAME:c99extidentifier)";
				SKIP_INSTALL = YES;
				SWIFT_EMIT_LOC_STRINGS = YES;
				SWIFT_INSTALL_OBJC_HEADER = NO;
				SWIFT_VERSION = 5.0;
				TARGETED_DEVICE_FAMILY = "1,2";
			};
			name = Release;
		};
		4576EABA2CAB4C4F004EF52C /* Debug */ = {
			isa = XCBuildConfiguration;
			buildSettings = {
				ALWAYS_EMBED_SWIFT_STANDARD_LIBRARIES = YES;
				CODE_SIGN_STYLE = Automatic;
				CURRENT_PROJECT_VERSION = 1;
				DEVELOPMENT_TEAM = 76KA23L295;
				GENERATE_INFOPLIST_FILE = YES;
				IPHONEOS_DEPLOYMENT_TARGET = 17.0;
				MARKETING_VERSION = 1.0;
				PRODUCT_BUNDLE_IDENTIFIER = com.sitecapture.lib.SCMediaPickerTests;
				PRODUCT_NAME = "$(TARGET_NAME)";
				SWIFT_EMIT_LOC_STRINGS = NO;
				SWIFT_VERSION = 5.0;
				TARGETED_DEVICE_FAMILY = "1,2";
			};
			name = Debug;
		};
		4576EABB2CAB4C4F004EF52C /* Release */ = {
			isa = XCBuildConfiguration;
			buildSettings = {
				ALWAYS_EMBED_SWIFT_STANDARD_LIBRARIES = YES;
				CODE_SIGN_STYLE = Automatic;
				CURRENT_PROJECT_VERSION = 1;
				DEVELOPMENT_TEAM = 76KA23L295;
				GENERATE_INFOPLIST_FILE = YES;
				IPHONEOS_DEPLOYMENT_TARGET = 17.0;
				MARKETING_VERSION = 1.0;
				PRODUCT_BUNDLE_IDENTIFIER = com.sitecapture.lib.SCMediaPickerTests;
				PRODUCT_NAME = "$(TARGET_NAME)";
				SWIFT_EMIT_LOC_STRINGS = NO;
				SWIFT_VERSION = 5.0;
				TARGETED_DEVICE_FAMILY = "1,2";
			};
			name = Release;
		};
		4576EAD12CAB4CBF004EF52C /* Debug */ = {
			isa = XCBuildConfiguration;
			buildSettings = {
				ASSETCATALOG_COMPILER_APPICON_NAME = AppIcon;
				ASSETCATALOG_COMPILER_GLOBAL_ACCENT_COLOR_NAME = AccentColor;
				CODE_SIGN_STYLE = Automatic;
				CURRENT_PROJECT_VERSION = 1;
				DEVELOPMENT_TEAM = 76KA23L295;
				GENERATE_INFOPLIST_FILE = YES;
				INFOPLIST_FILE = "SCMediaPicker-Demo/Info.plist";
				INFOPLIST_KEY_UIApplicationSupportsIndirectInputEvents = YES;
				INFOPLIST_KEY_UILaunchStoryboardName = LaunchScreen;
				INFOPLIST_KEY_UIMainStoryboardFile = Main;
				INFOPLIST_KEY_UISupportedInterfaceOrientations_iPad = "UIInterfaceOrientationPortrait UIInterfaceOrientationPortraitUpsideDown UIInterfaceOrientationLandscapeLeft UIInterfaceOrientationLandscapeRight";
				INFOPLIST_KEY_UISupportedInterfaceOrientations_iPhone = "UIInterfaceOrientationPortrait UIInterfaceOrientationLandscapeLeft UIInterfaceOrientationLandscapeRight";
				IPHONEOS_DEPLOYMENT_TARGET = 17.0;
				LD_RUNPATH_SEARCH_PATHS = (
					"$(inherited)",
					"@executable_path/Frameworks",
				);
				MARKETING_VERSION = 1.0.0;
				PRODUCT_BUNDLE_IDENTIFIER = "com.sitecapture.lib.SCMediaPicker-Demo";
				PRODUCT_NAME = "$(TARGET_NAME)";
				SWIFT_EMIT_LOC_STRINGS = YES;
				SWIFT_VERSION = 5.0;
				TARGETED_DEVICE_FAMILY = "1,2";
			};
			name = Debug;
		};
		4576EAD22CAB4CBF004EF52C /* Release */ = {
			isa = XCBuildConfiguration;
			buildSettings = {
				ASSETCATALOG_COMPILER_APPICON_NAME = AppIcon;
				ASSETCATALOG_COMPILER_GLOBAL_ACCENT_COLOR_NAME = AccentColor;
				CODE_SIGN_STYLE = Automatic;
				CURRENT_PROJECT_VERSION = 1;
				DEVELOPMENT_TEAM = 76KA23L295;
				GENERATE_INFOPLIST_FILE = YES;
				INFOPLIST_FILE = "SCMediaPicker-Demo/Info.plist";
				INFOPLIST_KEY_UIApplicationSupportsIndirectInputEvents = YES;
				INFOPLIST_KEY_UILaunchStoryboardName = LaunchScreen;
				INFOPLIST_KEY_UIMainStoryboardFile = Main;
				INFOPLIST_KEY_UISupportedInterfaceOrientations_iPad = "UIInterfaceOrientationPortrait UIInterfaceOrientationPortraitUpsideDown UIInterfaceOrientationLandscapeLeft UIInterfaceOrientationLandscapeRight";
				INFOPLIST_KEY_UISupportedInterfaceOrientations_iPhone = "UIInterfaceOrientationPortrait UIInterfaceOrientationLandscapeLeft UIInterfaceOrientationLandscapeRight";
				IPHONEOS_DEPLOYMENT_TARGET = 17.0;
				LD_RUNPATH_SEARCH_PATHS = (
					"$(inherited)",
					"@executable_path/Frameworks",
				);
				MARKETING_VERSION = 1.0.0;
				PRODUCT_BUNDLE_IDENTIFIER = "com.sitecapture.lib.SCMediaPicker-Demo";
				PRODUCT_NAME = "$(TARGET_NAME)";
				SWIFT_EMIT_LOC_STRINGS = YES;
				SWIFT_VERSION = 5.0;
				TARGETED_DEVICE_FAMILY = "1,2";
			};
			name = Release;
		};
/* End XCBuildConfiguration section */

/* Begin XCConfigurationList section */
		4576EA9C2CAB4C4F004EF52C /* Build configuration list for PBXProject "SCMediaPicker" */ = {
			isa = XCConfigurationList;
			buildConfigurations = (
				4576EAB42CAB4C4F004EF52C /* Debug */,
				4576EAB52CAB4C4F004EF52C /* Release */,
			);
			defaultConfigurationIsVisible = 0;
			defaultConfigurationName = Release;
		};
		4576EAB62CAB4C4F004EF52C /* Build configuration list for PBXNativeTarget "SCMediaPicker" */ = {
			isa = XCConfigurationList;
			buildConfigurations = (
				4576EAB72CAB4C4F004EF52C /* Debug */,
				4576EAB82CAB4C4F004EF52C /* Release */,
			);
			defaultConfigurationIsVisible = 0;
			defaultConfigurationName = Release;
		};
		4576EAB92CAB4C4F004EF52C /* Build configuration list for PBXNativeTarget "SCMediaPickerTests" */ = {
			isa = XCConfigurationList;
			buildConfigurations = (
				4576EABA2CAB4C4F004EF52C /* Debug */,
				4576EABB2CAB4C4F004EF52C /* Release */,
			);
			defaultConfigurationIsVisible = 0;
			defaultConfigurationName = Release;
		};
		4576EAD32CAB4CBF004EF52C /* Build configuration list for PBXNativeTarget "SCMediaPicker-Demo" */ = {
			isa = XCConfigurationList;
			buildConfigurations = (
				4576EAD12CAB4CBF004EF52C /* Debug */,
				4576EAD22CAB4CBF004EF52C /* Release */,
			);
			defaultConfigurationIsVisible = 0;
			defaultConfigurationName = Release;
		};
/* End XCConfigurationList section */
	};
	rootObject = 4576EA992CAB4C4F004EF52C /* Project object */;
}
